
Microsoft Visual Studio Solution File, Format Version 12.00
# Visual Studio 15
VisualStudioVersion = 15.0.27428.2011
MinimumVisualStudioVersion = 10.0.40219.1
Project("{FAE04EC0-301F-11D3-BF4B-00C04F79EFBC}") = "HospitalManagement", "HospitalManagement\HospitalManagement.csproj", "{DD11DD6B-93E6-4009-8D01-99DBE319AE03}"
EndProject
Global
	GlobalSection(SolutionConfigurationPlatforms) = preSolution
		Debug|Any CPU = Debug|Any CPU
		Release|Any CPU = Release|Any CPU
	EndGlobalSection
	GlobalSection(ProjectConfigurationPlatforms) = postSolution
		{DD11DD6B-93E6-4009-8D01-99DBE319AE03}.Debug|Any CPU.ActiveCfg = Debug|Any CPU
		{DD11DD6B-93E6-4009-8D01-99DBE319AE03}.Debug|Any CPU.Build.0 = Debug|Any CPU
		{DD11DD6B-93E6-4009-8D01-99DBE319AE03}.Release|Any CPU.ActiveCfg = Release|Any CPU
		{DD11DD6B-93E6-4009-8D01-99DBE319AE03}.Release|Any CPU.Build.0 = Release|Any CPU
	EndGlobalSection
	GlobalSection(SolutionProperties) = preSolution
		HideSolutionNode = FALSE
	EndGlobalSection
	GlobalSection(ExtensibilityGlobals) = postSolution
		SolutionGuid = {2C9571DA-7E74-4B73-8D63-E3436AF4382E}
	EndGlobalSection
EndGlobal
