
Microsoft Visual Studio Solution File, Format Version 12.00
# Visual Studio 15
VisualStudioVersion = 15.0.27428.2011
MinimumVisualStudioVersion = 10.0.40219.1
Project("{FAE04EC0-301F-11D3-BF4B-00C04F79EFBC}") = "ClientsServicesFee", "ClientsServicesFee\ClientsServicesFee.csproj", "{300C6FBD-B975-4FDE-B0A5-4358A5F59FE6}"
EndProject
Global
	GlobalSection(SolutionConfigurationPlatforms) = preSolution
		Debug|Any CPU = Debug|Any CPU
		Release|Any CPU = Release|Any CPU
	EndGlobalSection
	GlobalSection(ProjectConfigurationPlatforms) = postSolution
		{300C6FBD-B975-4FDE-B0A5-4358A5F59FE6}.Debug|Any CPU.ActiveCfg = Debug|Any CPU
		{300C6FBD-B975-4FDE-B0A5-4358A5F59FE6}.Debug|Any CPU.Build.0 = Debug|Any CPU
		{300C6FBD-B975-4FDE-B0A5-4358A5F59FE6}.Release|Any CPU.ActiveCfg = Release|Any CPU
		{300C6FBD-B975-4FDE-B0A5-4358A5F59FE6}.Release|Any CPU.Build.0 = Release|Any CPU
	EndGlobalSection
	GlobalSection(SolutionProperties) = preSolution
		HideSolutionNode = FALSE
	EndGlobalSection
	GlobalSection(ExtensibilityGlobals) = postSolution
		SolutionGuid = {CFC4D9A3-FE11-4EFC-B26E-707969A74853}
	EndGlobalSection
EndGlobal
